{
  "name": "@testnetswap/swap-taker",
  "version": "0.1.0",
  "lockfileVersion": 3,
  "requires": true,
  "packages": {
    "": {
      "name": "@testnetswap/swap-taker",
      "version": "0.1.0",
      "license": "AGPL-3.0-or-later",
      "dependencies": {
        "@testnetswap/swap-core": "file:../swap-core",
        "@testnetswap/swap-xmr": "file:../swap-xmr"
      }
    },
    "../swap-core": {
      "name": "@testnetswap/swap-core",
      "version": "0.1.0",
      "license": "AGPL-3.0-or-later"
    },
    "../swap-xmr": {
      "name": "@testnetswap/swap-xmr",
      "version": "0.0.1",
      "license": "AGPL-3.0-or-later",
      "dependencies": {
        "monero-ts": "^0.11.10"
      }
    },
    "node_modules/@testnetswap/swap-core": {
      "resolved": "../swap-core",
      "link": true
    },
    "node_modules/@testnetswap/swap-xmr": {
      "resolved": "../swap-xmr",
      "link": true
    }
  }
}
